{
  "name": "pet",
  "lockfileVersion": 2,
  "requires": true,
  "packages": {
    "": {
      "dependencies": {
        "@react-oauth/google": "^0.12.1",
        "react-hot-toast": "^2.4.1",
        "two-step-auth": "^1.1.2"
      }
    },
    "node_modules/@react-oauth/google": {
      "version": "0.12.1",
      "resolved": "https://registry.npmjs.org/@react-oauth/google/-/google-0.12.1.tgz",
      "integrity": "sha512-qagsy22t+7UdkYAiT5ZhfM4StXi9PPNvw0zuwNmabrWyMKddczMtBIOARflbaIj+wHiQjnMAsZmzsUYuXeyoSg==",
      "peerDependencies": {
        "react": ">=16.8.0",
        "react-dom": ">=16.8.0"
      }
    },
    "node_modules/axios": {
      "version": "0.21.4",
      "resolved": "https://registry.npmjs.org/axios/-/axios-0.21.4.tgz",
      "integrity": "sha512-ut5vewkiu8jjGBdqpM44XxjuCjq9LAKeHVmoVfHVzy8eHgxxq8SbAVQNovDA8mVi05kP0Ea/n/UzcSHcTJQfNg==",
      "dependencies": {
        "follow-redirects": "^1.14.0"
      }
    },
    "node_modules/follow-redirects": {
      "version": "1.15.6",
      "resolved": "https://registry.npmjs.org/follow-redirects/-/follow-redirects-1.15.6.tgz",
      "integrity": "sha512-wWN62YITEaOpSK584EZXJafH1AGpO8RVgElfkuXbTOrPX4fIfOyEpW/CsiNd8JdYrAoOvafRTOEnvsO++qCqFA==",
      "funding": [
        {
          "type": "individual",
          "url": "https://github.com/sponsors/RubenVerborgh"
        }
      ],
      "engines": {
        "node": ">=4.0"
      },
      "peerDependenciesMeta": {
        "debug": {
          "optional": true
        }
      }
    },
    "node_modules/goober": {
      "version": "2.1.14",
      "resolved": "https://registry.npmjs.org/goober/-/goober-2.1.14.tgz",
      "integrity": "sha512-4UpC0NdGyAFqLNPnhCT2iHpza2q+RAY3GV85a/mRPdzyPQMsj0KmMMuetdIkzWRbJ+Hgau1EZztq8ImmiMGhsg==",
      "peerDependencies": {
        "csstype": "^3.0.10"
      }
    },
    "node_modules/react-hot-toast": {
      "version": "2.4.1",
      "resolved": "https://registry.npmjs.org/react-hot-toast/-/react-hot-toast-2.4.1.tgz",
      "integrity": "sha512-j8z+cQbWIM5LY37pR6uZR6D4LfseplqnuAO4co4u8917hBUvXlEqyP1ZzqVLcqoyUesZZv/ImreoCeHVDpE5pQ==",
      "dependencies": {
        "goober": "^2.1.10"
      },
      "engines": {
        "node": ">=10"
      },
      "peerDependencies": {
        "react": ">=16",
        "react-dom": ">=16"
      }
    },
    "node_modules/two-step-auth": {
      "version": "1.1.2",
      "resolved": "https://registry.npmjs.org/two-step-auth/-/two-step-auth-1.1.2.tgz",
      "integrity": "sha512-ve9s3yDIxd5X9FWb5ebcD3pitETer1EZLeq7yLR4sjHJ44GkOvUZLTrUJ4QLNlT5ofNbsxydBMR2/dc8hBl04g==",
      "dependencies": {
        "axios": "^0.21.0"
      }
    }
  },
  "dependencies": {
    "@react-oauth/google": {
      "version": "0.12.1",
      "resolved": "https://registry.npmjs.org/@react-oauth/google/-/google-0.12.1.tgz",
      "integrity": "sha512-qagsy22t+7UdkYAiT5ZhfM4StXi9PPNvw0zuwNmabrWyMKddczMtBIOARflbaIj+wHiQjnMAsZmzsUYuXeyoSg=="
    },
    "axios": {
      "version": "0.21.4",
      "resolved": "https://registry.npmjs.org/axios/-/axios-0.21.4.tgz",
      "integrity": "sha512-ut5vewkiu8jjGBdqpM44XxjuCjq9LAKeHVmoVfHVzy8eHgxxq8SbAVQNovDA8mVi05kP0Ea/n/UzcSHcTJQfNg==",
      "requires": {
        "follow-redirects": "^1.14.0"
      }
    },
    "follow-redirects": {
      "version": "1.15.6",
      "resolved": "https://registry.npmjs.org/follow-redirects/-/follow-redirects-1.15.6.tgz",
      "integrity": "sha512-wWN62YITEaOpSK584EZXJafH1AGpO8RVgElfkuXbTOrPX4fIfOyEpW/CsiNd8JdYrAoOvafRTOEnvsO++qCqFA=="
    },
    "goober": {
      "version": "2.1.14",
      "resolved": "https://registry.npmjs.org/goober/-/goober-2.1.14.tgz",
      "integrity": "sha512-4UpC0NdGyAFqLNPnhCT2iHpza2q+RAY3GV85a/mRPdzyPQMsj0KmMMuetdIkzWRbJ+Hgau1EZztq8ImmiMGhsg=="
    },
    "react-hot-toast": {
      "version": "2.4.1",
      "resolved": "https://registry.npmjs.org/react-hot-toast/-/react-hot-toast-2.4.1.tgz",
      "integrity": "sha512-j8z+cQbWIM5LY37pR6uZR6D4LfseplqnuAO4co4u8917hBUvXlEqyP1ZzqVLcqoyUesZZv/ImreoCeHVDpE5pQ==",
      "requires": {
        "goober": "^2.1.10"
      }
    },
    "two-step-auth": {
      "version": "1.1.2",
      "resolved": "https://registry.npmjs.org/two-step-auth/-/two-step-auth-1.1.2.tgz",
      "integrity": "sha512-ve9s3yDIxd5X9FWb5ebcD3pitETer1EZLeq7yLR4sjHJ44GkOvUZLTrUJ4QLNlT5ofNbsxydBMR2/dc8hBl04g==",
      "requires": {
        "axios": "^0.21.0"
      }
    }
  }
}
